Microsoft Visual Studio Solution File, Format Version 11.00
# Visual Studio 2008

Project("{5AFAF167-9AD0-887A-DEBA-DDB40E0BD3F7}") = "Level 1", "Assembly-CSharp-firstpass.csproj", "{0CE38E5D-5B8C-6CC0-2F57-14F74A77F030}"
EndProject
Project("{5AFAF167-9AD0-887A-DEBA-DDB40E0BD3F7}") = "Level 1", "Assembly-CSharp.csproj", "{0D4EFF63-F33C-B2D3-53E8-EA51D7035A87}"
EndProject
Project("{5AFAF167-9AD0-887A-DEBA-DDB40E0BD3F7}") = "Level 1", "Assembly-UnityScript-firstpass.unityproj", "{0785E62E-89CE-0FCC-8AE3-749788577E21}"
EndProject
Project("{5AFAF167-9AD0-887A-DEBA-DDB40E0BD3F7}") = "Level 1", "Assembly-UnityScript.unityproj", "{18276C43-33F0-78F1-1AD8-A3E8B19845DC}"
EndProject
Global
	GlobalSection(SolutionConfigurationPlatforms) = preSolution
		Debug|Any CPU = Debug|Any CPU
		Release|Any CPU = Release|Any CPU
	EndGlobalSection
	GlobalSection(ProjectConfigurationPlatforms) = postSolution
		{0CE38E5D-5B8C-6CC0-2F57-14F74A77F030}.Debug|Any CPU.ActiveCfg = Debug|Any CPU
		{0CE38E5D-5B8C-6CC0-2F57-14F74A77F030}.Debug|Any CPU.Build.0 = Debug|Any CPU
		{0CE38E5D-5B8C-6CC0-2F57-14F74A77F030}.Release|Any CPU.ActiveCfg = Release|Any CPU
		{0CE38E5D-5B8C-6CC0-2F57-14F74A77F030}.Release|Any CPU.Build.0 = Release|Any CPU
		{0D4EFF63-F33C-B2D3-53E8-EA51D7035A87}.Debug|Any CPU.ActiveCfg = Debug|Any CPU
		{0D4EFF63-F33C-B2D3-53E8-EA51D7035A87}.Debug|Any CPU.Build.0 = Debug|Any CPU
		{0D4EFF63-F33C-B2D3-53E8-EA51D7035A87}.Release|Any CPU.ActiveCfg = Release|Any CPU
		{0D4EFF63-F33C-B2D3-53E8-EA51D7035A87}.Release|Any CPU.Build.0 = Release|Any CPU
		{0785E62E-89CE-0FCC-8AE3-749788577E21}.Debug|Any CPU.ActiveCfg = Debug|Any CPU
		{0785E62E-89CE-0FCC-8AE3-749788577E21}.Debug|Any CPU.Build.0 = Debug|Any CPU
		{0785E62E-89CE-0FCC-8AE3-749788577E21}.Release|Any CPU.ActiveCfg = Release|Any CPU
		{0785E62E-89CE-0FCC-8AE3-749788577E21}.Release|Any CPU.Build.0 = Release|Any CPU
		{18276C43-33F0-78F1-1AD8-A3E8B19845DC}.Debug|Any CPU.ActiveCfg = Debug|Any CPU
		{18276C43-33F0-78F1-1AD8-A3E8B19845DC}.Debug|Any CPU.Build.0 = Debug|Any CPU
		{18276C43-33F0-78F1-1AD8-A3E8B19845DC}.Release|Any CPU.ActiveCfg = Release|Any CPU
		{18276C43-33F0-78F1-1AD8-A3E8B19845DC}.Release|Any CPU.Build.0 = Release|Any CPU
	EndGlobalSection
	GlobalSection(SolutionProperties) = preSolution
		HideSolutionNode = FALSE
	EndGlobalSection
																																																																	GlobalSection(MonoDevelopProperties) = preSolution
																																														GlobalSection(MonoDevelopProperties) = preSolution
																																																				GlobalSection(MonoDevelopProperties) = preSolution
																																																																							GlobalSection(MonoDevelopProperties) = preSolution
																																									GlobalSection(MonoDevelopProperties) = preSolution
																																																																					GlobalSection(MonoDevelopProperties) = preSolution
																																								GlobalSection(MonoDevelopProperties) = preSolution
																																																																			GlobalSection(MonoDevelopProperties) = preSolution
																															GlobalSection(MonoDevelopProperties) = preSolution
												GlobalSection(MonoDevelopProperties) = preSolution
		StartupItem = Assembly-CSharp.csproj
		Policies = $0
		$0.TextStylePolicy = $1
		$1.inheritsSet = null
		$1.scope = text/x-csharp
		$0.CSharpFormattingPolicy = $2
		$2.inheritsSet = Mono
		$2.inheritsScope = text/x-csharp
		$2.scope = text/x-csharp
		$0.TextStylePolicy = $3
		$3.FileWidth = 120
		$3.TabWidth = 4
		$3.EolMarker = Unix
		$3.inheritsSet = Mono
		$3.inheritsScope = text/plain
		$3.scope = text/plain
	EndGlobalSection
																																GlobalSection(MonoDevelopProperties) = preSolution
												GlobalSection(MonoDevelopProperties) = preSolution
		StartupItem = Assembly-CSharp.csproj
		Policies = $0
		$0.TextStylePolicy = $1
		$1.inheritsSet = null
		$1.scope = text/x-csharp
		$0.CSharpFormattingPolicy = $2
		$2.inheritsSet = Mono
		$2.inheritsScope = text/x-csharp
		$2.scope = text/x-csharp
		$0.TextStylePolicy = $3
		$3.FileWidth = 120
		$3.TabWidth = 4
		$3.EolMarker = Unix
		$3.inheritsSet = Mono
		$3.inheritsScope = text/plain
		$3.scope = text/plain
	EndGlobalSection
																							GlobalSection(MonoDevelopProperties) = preSolution
												GlobalSection(MonoDevelopProperties) = preSolution
		StartupItem = Assembly-CSharp.csproj
		Policies = $0
		$0.TextStylePolicy = $1
		$1.inheritsSet = null
		$1.scope = text/x-csharp
		$0.CSharpFormattingPolicy = $2
		$2.inheritsSet = Mono
		$2.inheritsScope = text/x-csharp
		$2.scope = text/x-csharp
		$0.TextStylePolicy = $3
		$3.FileWidth = 120
		$3.TabWidth = 4
		$3.EolMarker = Unix
		$3.inheritsSet = Mono
		$3.inheritsScope = text/plain
		$3.scope = text/plain
	EndGlobalSection

EndGlobal
